// !$*UTF8*$!
{
	archiveVersion = 1;
	classes = {
	};
	objectVersion = 56;
	objects = {

/* Begin PBXBuildFile section */
		F89E47EE2C4A87880010C588 /* AnimationsApp.swift in Sources */ = {isa = PBXBuildFile; fileRef = F89E47ED2C4A87880010C588 /* AnimationsApp.swift */; };
		F89E47F02C4A87880010C588 /* ContentView.swift in Sources */ = {isa = PBXBuildFile; fileRef = F89E47EF2C4A87880010C588 /* ContentView.swift */; };
		F89E47F22C4A87890010C588 /* Assets.xcassets in Resources */ = {isa = PBXBuildFile; fileRef = F89E47F12C4A87890010C588 /* Assets.xcassets */; };
		F89E47F52C4A87890010C588 /* Preview Assets.xcassets in Resources */ = {isa = PBXBuildFile; fileRef = F89E47F42C4A87890010C588 /* Preview Assets.xcassets */; };
		F89E47FC2C4A8D0D0010C588 /* ImplicityAnimations.swift in Sources */ = {isa = PBXBuildFile; fileRef = F89E47FB2C4A8D0D0010C588 /* ImplicityAnimations.swift */; };
		F89E47FE2C4A8EEE0010C588 /* AnimationBindings.swift in Sources */ = {isa = PBXBuildFile; fileRef = F89E47FD2C4A8EEE0010C588 /* AnimationBindings.swift */; };
		F89E48002C4A91830010C588 /* ExplicityAnimations.swift in Sources */ = {isa = PBXBuildFile; fileRef = F89E47FF2C4A91830010C588 /* ExplicityAnimations.swift */; };
		F8C3F0332C4BE94D0099860E /* AnimationStack.swift in Sources */ = {isa = PBXBuildFile; fileRef = F8C3F0322C4BE94D0099860E /* AnimationStack.swift */; };
		F8C3F0352C4BEC610099860E /* SimpleAnimation.swift in Sources */ = {isa = PBXBuildFile; fileRef = F8C3F0342C4BEC610099860E /* SimpleAnimation.swift */; };
		F8C3F0372C4BEDD00099860E /* AnimationGestures.swift in Sources */ = {isa = PBXBuildFile; fileRef = F8C3F0362C4BEDD00099860E /* AnimationGestures.swift */; };
		F8C3F0392C4BF17A0099860E /* AnimationGestures2.swift in Sources */ = {isa = PBXBuildFile; fileRef = F8C3F0382C4BF17A0099860E /* AnimationGestures2.swift */; };
		F8C3F03B2C4BF4000099860E /* ShowingHidingViews.swift in Sources */ = {isa = PBXBuildFile; fileRef = F8C3F03A2C4BF4000099860E /* ShowingHidingViews.swift */; };
		F8C3F03D2C4BF5C40099860E /* CustomTransitions.swift in Sources */ = {isa = PBXBuildFile; fileRef = F8C3F03C2C4BF5C40099860E /* CustomTransitions.swift */; };
/* End PBXBuildFile section */

/* Begin PBXFileReference section */
		F89E47EA2C4A87880010C588 /* Animations.app */ = {isa = PBXFileReference; explicitFileType = wrapper.application; includeInIndex = 0; path = Animations.app; sourceTree = BUILT_PRODUCTS_DIR; };
		F89E47ED2C4A87880010C588 /* AnimationsApp.swift */ = {isa = PBXFileReference; lastKnownFileType = sourcecode.swift; path = AnimationsApp.swift; sourceTree = "<group>"; };
		F89E47EF2C4A87880010C588 /* ContentView.swift */ = {isa = PBXFileReference; lastKnownFileType = sourcecode.swift; path = ContentView.swift; sourceTree = "<group>"; };
		F89E47F12C4A87890010C588 /* Assets.xcassets */ = {isa = PBXFileReference; lastKnownFileType = folder.assetcatalog; path = Assets.xcassets; sourceTree = "<group>"; };
		F89E47F42C4A87890010C588 /* Preview Assets.xcassets */ = {isa = PBXFileReference; lastKnownFileType = folder.assetcatalog; path = "Preview Assets.xcassets"; sourceTree = "<group>"; };
		F89E47FB2C4A8D0D0010C588 /* ImplicityAnimations.swift */ = {isa = PBXFileReference; lastKnownFileType = sourcecode.swift; path = ImplicityAnimations.swift; sourceTree = "<group>"; };
		F89E47FD2C4A8EEE0010C588 /* AnimationBindings.swift */ = {isa = PBXFileReference; lastKnownFileType = sourcecode.swift; path = AnimationBindings.swift; sourceTree = "<group>"; };
		F89E47FF2C4A91830010C588 /* ExplicityAnimations.swift */ = {isa = PBXFileReference; lastKnownFileType = sourcecode.swift; path = ExplicityAnimations.swift; sourceTree = "<group>"; };
		F8C3F0322C4BE94D0099860E /* AnimationStack.swift */ = {isa = PBXFileReference; lastKnownFileType = sourcecode.swift; path = AnimationStack.swift; sourceTree = "<group>"; };
		F8C3F0342C4BEC610099860E /* SimpleAnimation.swift */ = {isa = PBXFileReference; lastKnownFileType = sourcecode.swift; path = SimpleAnimation.swift; sourceTree = "<group>"; };
		F8C3F0362C4BEDD00099860E /* AnimationGestures.swift */ = {isa = PBXFileReference; lastKnownFileType = sourcecode.swift; path = AnimationGestures.swift; sourceTree = "<group>"; };
		F8C3F0382C4BF17A0099860E /* AnimationGestures2.swift */ = {isa = PBXFileReference; lastKnownFileType = sourcecode.swift; path = AnimationGestures2.swift; sourceTree = "<group>"; };
		F8C3F03A2C4BF4000099860E /* ShowingHidingViews.swift */ = {isa = PBXFileReference; lastKnownFileType = sourcecode.swift; path = ShowingHidingViews.swift; sourceTree = "<group>"; };
		F8C3F03C2C4BF5C40099860E /* CustomTransitions.swift */ = {isa = PBXFileReference; lastKnownFileType = sourcecode.swift; path = CustomTransitions.swift; sourceTree = "<group>"; };
/* End PBXFileReference section */

/* Begin PBXFrameworksBuildPhase section */
		F89E47E72C4A87880010C588 /* Frameworks */ = {
			isa = PBXFrameworksBuildPhase;
			buildActionMask = 2147483647;
			files = (
			);
			runOnlyForDeploymentPostprocessing = 0;
		};
/* End PBXFrameworksBuildPhase section */

/* Begin PBXGroup section */
		F89E47E12C4A87880010C588 = {
			isa = PBXGroup;
			children = (
				F89E47EC2C4A87880010C588 /* Animations */,
				F89E47EB2C4A87880010C588 /* Products */,
			);
			sourceTree = "<group>";
		};
		F89E47EB2C4A87880010C588 /* Products */ = {
			isa = PBXGroup;
			children = (
				F89E47EA2C4A87880010C588 /* Animations.app */,
			);
			name = Products;
			sourceTree = "<group>";
		};
		F89E47EC2C4A87880010C588 /* Animations */ = {
			isa = PBXGroup;
			children = (
				F89E47ED2C4A87880010C588 /* AnimationsApp.swift */,
				F89E47EF2C4A87880010C588 /* ContentView.swift */,
				F8C3F03A2C4BF4000099860E /* ShowingHidingViews.swift */,
				F8C3F0342C4BEC610099860E /* SimpleAnimation.swift */,
				F89E47FB2C4A8D0D0010C588 /* ImplicityAnimations.swift */,
				F89E47FF2C4A91830010C588 /* ExplicityAnimations.swift */,
				F8C3F0322C4BE94D0099860E /* AnimationStack.swift */,
				F89E47FD2C4A8EEE0010C588 /* AnimationBindings.swift */,
				F8C3F0362C4BEDD00099860E /* AnimationGestures.swift */,
				F8C3F0382C4BF17A0099860E /* AnimationGestures2.swift */,
				F8C3F03C2C4BF5C40099860E /* CustomTransitions.swift */,
				F89E47F12C4A87890010C588 /* Assets.xcassets */,
				F89E47F32C4A87890010C588 /* Preview Content */,
			);
			path = Animations;
			sourceTree = "<group>";
		};
		F89E47F32C4A87890010C588 /* Preview Content */ = {
			isa = PBXGroup;
			children = (
				F89E47F42C4A87890010C588 /* Preview Assets.xcassets */,
			);
			path = "Preview Content";
			sourceTree = "<group>";
		};
/* End PBXGroup section */

/* Begin PBXNativeTarget section */
		F89E47E92C4A87880010C588 /* Animations */ = {
			isa = PBXNativeTarget;
			buildConfigurationList = F89E47F82C4A87890010C588 /* Build configuration list for PBXNativeTarget "Animations" */;
			buildPhases = (
				F89E47E62C4A87880010C588 /* Sources */,
				F89E47E72C4A87880010C588 /* Frameworks */,
				F89E47E82C4A87880010C588 /* Resources */,
			);
			buildRules = (
			);
			dependencies = (
			);
			name = Animations;
			productName = Animations;
			productReference = F89E47EA2C4A87880010C588 /* Animations.app */;
			productType = "com.apple.product-type.application";
		};
/* End PBXNativeTarget section */

/* Begin PBXProject section */
		F89E47E22C4A87880010C588 /* Project object */ = {
			isa = PBXProject;
			attributes = {
				BuildIndependentTargetsInParallel = 1;
				LastSwiftUpdateCheck = 1520;
				LastUpgradeCheck = 1520;
				TargetAttributes = {
					F89E47E92C4A87880010C588 = {
						CreatedOnToolsVersion = 15.2;
					};
				};
			};
			buildConfigurationList = F89E47E52C4A87880010C588 /* Build configuration list for PBXProject "Animations" */;
			compatibilityVersion = "Xcode 14.0";
			developmentRegion = en;
			hasScannedForEncodings = 0;
			knownRegions = (
				en,
				Base,
			);
			mainGroup = F89E47E12C4A87880010C588;
			productRefGroup = F89E47EB2C4A87880010C588 /* Products */;
			projectDirPath = "";
			projectRoot = "";
			targets = (
				F89E47E92C4A87880010C588 /* Animations */,
			);
		};
/* End PBXProject section */

/* Begin PBXResourcesBuildPhase section */
		F89E47E82C4A87880010C588 /* Resources */ = {
			isa = PBXResourcesBuildPhase;
			buildActionMask = 2147483647;
			files = (
				F89E47F52C4A87890010C588 /* Preview Assets.xcassets in Resources */,
				F89E47F22C4A87890010C588 /* Assets.xcassets in Resources */,
			);
			runOnlyForDeploymentPostprocessing = 0;
		};
/* End PBXResourcesBuildPhase section */

/* Begin PBXSourcesBuildPhase section */
		F89E47E62C4A87880010C588 /* Sources */ = {
			isa = PBXSourcesBuildPhase;
			buildActionMask = 2147483647;
			files = (
				F8C3F0392C4BF17A0099860E /* AnimationGestures2.swift in Sources */,
				F89E47FE2C4A8EEE0010C588 /* AnimationBindings.swift in Sources */,
				F8C3F0332C4BE94D0099860E /* AnimationStack.swift in Sources */,
				F8C3F03D2C4BF5C40099860E /* CustomTransitions.swift in Sources */,
				F8C3F03B2C4BF4000099860E /* ShowingHidingViews.swift in Sources */,
				F89E47FC2C4A8D0D0010C588 /* ImplicityAnimations.swift in Sources */,
				F89E48002C4A91830010C588 /* ExplicityAnimations.swift in Sources */,
				F8C3F0372C4BEDD00099860E /* AnimationGestures.swift in Sources */,
				F89E47F02C4A87880010C588 /* ContentView.swift in Sources */,
				F8C3F0352C4BEC610099860E /* SimpleAnimation.swift in Sources */,
				F89E47EE2C4A87880010C588 /* AnimationsApp.swift in Sources */,
			);
			runOnlyForDeploymentPostprocessing = 0;
		};
/* End PBXSourcesBuildPhase section */

/* Begin XCBuildConfiguration section */
		F89E47F62C4A87890010C588 /* Debug */ = {
			isa = XCBuildConfiguration;
			buildSettings = {
				ALWAYS_SEARCH_USER_PATHS = NO;
				ASSETCATALOG_COMPILER_GENERATE_SWIFT_ASSET_SYMBOL_EXTENSIONS = YES;
				CLANG_ANALYZER_NONNULL = YES;
				CLANG_ANALYZER_NUMBER_OBJECT_CONVERSION = YES_AGGRESSIVE;
				CLANG_CXX_LANGUAGE_STANDARD = "gnu++20";
				CLANG_ENABLE_MODULES = YES;
				CLANG_ENABLE_OBJC_ARC = YES;
				CLANG_ENABLE_OBJC_WEAK = YES;
				CLANG_WARN_BLOCK_CAPTURE_AUTORELEASING = YES;
				CLANG_WARN_BOOL_CONVERSION = YES;
				CLANG_WARN_COMMA = YES;
				CLANG_WARN_CONSTANT_CONVERSION = YES;
				CLANG_WARN_DEPRECATED_OBJC_IMPLEMENTATIONS = YES;
				CLANG_WARN_DIRECT_OBJC_ISA_USAGE = YES_ERROR;
				CLANG_WARN_DOCUMENTATION_COMMENTS = YES;
				CLANG_WARN_EMPTY_BODY = YES;
				CLANG_WARN_ENUM_CONVERSION = YES;
				CLANG_WARN_INFINITE_RECURSION = YES;
				CLANG_WARN_INT_CONVERSION = YES;
				CLANG_WARN_NON_LITERAL_NULL_CONVERSION = YES;
				CLANG_WARN_OBJC_IMPLICIT_RETAIN_SELF = YES;
				CLANG_WARN_OBJC_LITERAL_CONVERSION = YES;
				CLANG_WARN_OBJC_ROOT_CLASS = YES_ERROR;
				CLANG_WARN_QUOTED_INCLUDE_IN_FRAMEWORK_HEADER = YES;
				CLANG_WARN_RANGE_LOOP_ANALYSIS = YES;
				CLANG_WARN_STRICT_PROTOTYPES = YES;
				CLANG_WARN_SUSPICIOUS_MOVE = YES;
				CLANG_WARN_UNGUARDED_AVAILABILITY = YES_AGGRESSIVE;
				CLANG_WARN_UNREACHABLE_CODE = YES;
				CLANG_WARN__DUPLICATE_METHOD_MATCH = YES;
				COPY_PHASE_STRIP = NO;
				DEBUG_INFORMATION_FORMAT = dwarf;
				ENABLE_STRICT_OBJC_MSGSEND = YES;
				ENABLE_TESTABILITY = YES;
				ENABLE_USER_SCRIPT_SANDBOXING = YES;
				GCC_C_LANGUAGE_STANDARD = gnu17;
				GCC_DYNAMIC_NO_PIC = NO;
				GCC_NO_COMMON_BLOCKS = YES;
				GCC_OPTIMIZATION_LEVEL = 0;
				GCC_PREPROCESSOR_DEFINITIONS = (
					"DEBUG=1",
					"$(inherited)",
				);
				GCC_WARN_64_TO_32_BIT_CONVERSION = YES;
				GCC_WARN_ABOUT_RETURN_TYPE = YES_ERROR;
				GCC_WARN_UNDECLARED_SELECTOR = YES;
				GCC_WARN_UNINITIALIZED_AUTOS = YES_AGGRESSIVE;
				GCC_WARN_UNUSED_FUNCTION = YES;
				GCC_WARN_UNUSED_VARIABLE = YES;
				IPHONEOS_DEPLOYMENT_TARGET = 17.2;
				LOCALIZATION_PREFERS_STRING_CATALOGS = YES;
				MTL_ENABLE_DEBUG_INFO = INCLUDE_SOURCE;
				MTL_FAST_MATH = YES;
				ONLY_ACTIVE_ARCH = YES;
				SDKROOT = iphoneos;
				SWIFT_ACTIVE_COMPILATION_CONDITIONS = "DEBUG $(inherited)";
				SWIFT_OPTIMIZATION_LEVEL = "-Onone";
			};
			name = Debug;
		};
		F89E47F72C4A87890010C588 /* Release */ = {
			isa = XCBuildConfiguration;
			buildSettings = {
				ALWAYS_SEARCH_USER_PATHS = NO;
				ASSETCATALOG_COMPILER_GENERATE_SWIFT_ASSET_SYMBOL_EXTENSIONS = YES;
				CLANG_ANALYZER_NONNULL = YES;
				CLANG_ANALYZER_NUMBER_OBJECT_CONVERSION = YES_AGGRESSIVE;
				CLANG_CXX_LANGUAGE_STANDARD = "gnu++20";
				CLANG_ENABLE_MODULES = YES;
				CLANG_ENABLE_OBJC_ARC = YES;
				CLANG_ENABLE_OBJC_WEAK = YES;
				CLANG_WARN_BLOCK_CAPTURE_AUTORELEASING = YES;
				CLANG_WARN_BOOL_CONVERSION = YES;
				CLANG_WARN_COMMA = YES;
				CLANG_WARN_CONSTANT_CONVERSION = YES;
				CLANG_WARN_DEPRECATED_OBJC_IMPLEMENTATIONS = YES;
				CLANG_WARN_DIRECT_OBJC_ISA_USAGE = YES_ERROR;
				CLANG_WARN_DOCUMENTATION_COMMENTS = YES;
				CLANG_WARN_EMPTY_BODY = YES;
				CLANG_WARN_ENUM_CONVERSION = YES;
				CLANG_WARN_INFINITE_RECURSION = YES;
				CLANG_WARN_INT_CONVERSION = YES;
				CLANG_WARN_NON_LITERAL_NULL_CONVERSION = YES;
				CLANG_WARN_OBJC_IMPLICIT_RETAIN_SELF = YES;
				CLANG_WARN_OBJC_LITERAL_CONVERSION = YES;
				CLANG_WARN_OBJC_ROOT_CLASS = YES_ERROR;
				CLANG_WARN_QUOTED_INCLUDE_IN_FRAMEWORK_HEADER = YES;
				CLANG_WARN_RANGE_LOOP_ANALYSIS = YES;
				CLANG_WARN_STRICT_PROTOTYPES = YES;
				CLANG_WARN_SUSPICIOUS_MOVE = YES;
				CLANG_WARN_UNGUARDED_AVAILABILITY = YES_AGGRESSIVE;
				CLANG_WARN_UNREACHABLE_CODE = YES;
				CLANG_WARN__DUPLICATE_METHOD_MATCH = YES;
				COPY_PHASE_STRIP = NO;
				DEBUG_INFORMATION_FORMAT = "dwarf-with-dsym";
				ENABLE_NS_ASSERTIONS = NO;
				ENABLE_STRICT_OBJC_MSGSEND = YES;
				ENABLE_USER_SCRIPT_SANDBOXING = YES;
				GCC_C_LANGUAGE_STANDARD = gnu17;
				GCC_NO_COMMON_BLOCKS = YES;
				GCC_WARN_64_TO_32_BIT_CONVERSION = YES;
				GCC_WARN_ABOUT_RETURN_TYPE = YES_ERROR;
				GCC_WARN_UNDECLARED_SELECTOR = YES;
				GCC_WARN_UNINITIALIZED_AUTOS = YES_AGGRESSIVE;
				GCC_WARN_UNUSED_FUNCTION = YES;
				GCC_WARN_UNUSED_VARIABLE = YES;
				IPHONEOS_DEPLOYMENT_TARGET = 17.2;
				LOCALIZATION_PREFERS_STRING_CATALOGS = YES;
				MTL_ENABLE_DEBUG_INFO = NO;
				MTL_FAST_MATH = YES;
				SDKROOT = iphoneos;
				SWIFT_COMPILATION_MODE = wholemodule;
				VALIDATE_PRODUCT = YES;
			};
			name = Release;
		};
		F89E47F92C4A87890010C588 /* Debug */ = {
			isa = XCBuildConfiguration;
			buildSettings = {
				ASSETCATALOG_COMPILER_APPICON_NAME = AppIcon;
				ASSETCATALOG_COMPILER_GLOBAL_ACCENT_COLOR_NAME = AccentColor;
				CODE_SIGN_STYLE = Automatic;
				CURRENT_PROJECT_VERSION = 1;
				DEVELOPMENT_ASSET_PATHS = "\"Animations/Preview Content\"";
				DEVELOPMENT_TEAM = G6HATL4S2M;
				ENABLE_PREVIEWS = YES;
				GENERATE_INFOPLIST_FILE = YES;
				INFOPLIST_KEY_UIApplicationSceneManifest_Generation = YES;
				INFOPLIST_KEY_UIApplicationSupportsIndirectInputEvents = YES;
				INFOPLIST_KEY_UILaunchScreen_Generation = YES;
				INFOPLIST_KEY_UISupportedInterfaceOrientations_iPad = "UIInterfaceOrientationPortrait UIInterfaceOrientationPortraitUpsideDown UIInterfaceOrientationLandscapeLeft UIInterfaceOrientationLandscapeRight";
				INFOPLIST_KEY_UISupportedInterfaceOrientations_iPhone = "UIInterfaceOrientationPortrait UIInterfaceOrientationLandscapeLeft UIInterfaceOrientationLandscapeRight";
				LD_RUNPATH_SEARCH_PATHS = (
					"$(inherited)",
					"@executable_path/Frameworks",
				);
				MARKETING_VERSION = 1.0;
				PRODUCT_BUNDLE_IDENTIFIER = br.com.shaft.Animations;
				PRODUCT_NAME = "$(TARGET_NAME)";
				SWIFT_EMIT_LOC_STRINGS = YES;
				SWIFT_VERSION = 5.0;
				TARGETED_DEVICE_FAMILY = "1,2";
			};
			name = Debug;
		};
		F89E47FA2C4A87890010C588 /* Release */ = {
			isa = XCBuildConfiguration;
			buildSettings = {
				ASSETCATALOG_COMPILER_APPICON_NAME = AppIcon;
				ASSETCATALOG_COMPILER_GLOBAL_ACCENT_COLOR_NAME = AccentColor;
				CODE_SIGN_STYLE = Automatic;
				CURRENT_PROJECT_VERSION = 1;
				DEVELOPMENT_ASSET_PATHS = "\"Animations/Preview Content\"";
				DEVELOPMENT_TEAM = G6HATL4S2M;
				ENABLE_PREVIEWS = YES;
				GENERATE_INFOPLIST_FILE = YES;
				INFOPLIST_KEY_UIApplicationSceneManifest_Generation = YES;
				INFOPLIST_KEY_UIApplicationSupportsIndirectInputEvents = YES;
				INFOPLIST_KEY_UILaunchScreen_Generation = YES;
				INFOPLIST_KEY_UISupportedInterfaceOrientations_iPad = "UIInterfaceOrientationPortrait UIInterfaceOrientationPortraitUpsideDown UIInterfaceOrientationLandscapeLeft UIInterfaceOrientationLandscapeRight";
				INFOPLIST_KEY_UISupportedInterfaceOrientations_iPhone = "UIInterfaceOrientationPortrait UIInterfaceOrientationLandscapeLeft UIInterfaceOrientationLandscapeRight";
				LD_RUNPATH_SEARCH_PATHS = (
					"$(inherited)",
					"@executable_path/Frameworks",
				);
				MARKETING_VERSION = 1.0;
				PRODUCT_BUNDLE_IDENTIFIER = br.com.shaft.Animations;
				PRODUCT_NAME = "$(TARGET_NAME)";
				SWIFT_EMIT_LOC_STRINGS = YES;
				SWIFT_VERSION = 5.0;
				TARGETED_DEVICE_FAMILY = "1,2";
			};
			name = Release;
		};
/* End XCBuildConfiguration section */

/* Begin XCConfigurationList section */
		F89E47E52C4A87880010C588 /* Build configuration list for PBXProject "Animations" */ = {
			isa = XCConfigurationList;
			buildConfigurations = (
				F89E47F62C4A87890010C588 /* Debug */,
				F89E47F72C4A87890010C588 /* Release */,
			);
			defaultConfigurationIsVisible = 0;
			defaultConfigurationName = Release;
		};
		F89E47F82C4A87890010C588 /* Build configuration list for PBXNativeTarget "Animations" */ = {
			isa = XCConfigurationList;
			buildConfigurations = (
				F89E47F92C4A87890010C588 /* Debug */,
				F89E47FA2C4A87890010C588 /* Release */,
			);
			defaultConfigurationIsVisible = 0;
			defaultConfigurationName = Release;
		};
/* End XCConfigurationList section */
	};
	rootObject = F89E47E22C4A87880010C588 /* Project object */;
}
